// !$*UTF8*$!
{
	archiveVersion = 1;
	classes = {
	};
	objectVersion = 46;
	objects = {

/* Begin PBXBuildFile section */
		610188351E27DEF6001ABD41 /* AppDelegate.swift in Sources */ = {isa = PBXBuildFile; fileRef = 610188341E27DEF6001ABD41 /* AppDelegate.swift */; };
		610188371E27DEF6001ABD41 /* ViewController.swift in Sources */ = {isa = PBXBuildFile; fileRef = 610188361E27DEF6001ABD41 /* ViewController.swift */; };
		6101883A1E27DEF6001ABD41 /* Main.storyboard in Resources */ = {isa = PBXBuildFile; fileRef = 610188381E27DEF6001ABD41 /* Main.storyboard */; };
		6101883C1E27DEF6001ABD41 /* Assets.xcassets in Resources */ = {isa = PBXBuildFile; fileRef = 6101883B1E27DEF6001ABD41 /* Assets.xcassets */; };
		6101883F1E27DEF6001ABD41 /* LaunchScreen.storyboard in Resources */ = {isa = PBXBuildFile; fileRef = 6101883D1E27DEF6001ABD41 /* LaunchScreen.storyboard */; };
		6101884F1E27DF2F001ABD41 /* bird0.png in Resources */ = {isa = PBXBuildFile; fileRef = 610188471E27DF2F001ABD41 /* bird0.png */; };
		610188501E27DF2F001ABD41 /* bird1.png in Resources */ = {isa = PBXBuildFile; fileRef = 610188481E27DF2F001ABD41 /* bird1.png */; };
		610188511E27DF2F001ABD41 /* bird2.png in Resources */ = {isa = PBXBuildFile; fileRef = 610188491E27DF2F001ABD41 /* bird2.png */; };
		610188521E27DF2F001ABD41 /* bird3.png in Resources */ = {isa = PBXBuildFile; fileRef = 6101884A1E27DF2F001ABD41 /* bird3.png */; };
		610188531E27DF2F001ABD41 /* bird4.png in Resources */ = {isa = PBXBuildFile; fileRef = 6101884B1E27DF2F001ABD41 /* bird4.png */; };
		610188541E27DF2F001ABD41 /* bird5.png in Resources */ = {isa = PBXBuildFile; fileRef = 6101884C1E27DF2F001ABD41 /* bird5.png */; };
		610188551E27DF2F001ABD41 /* jungle.jpg in Resources */ = {isa = PBXBuildFile; fileRef = 6101884D1E27DF2F001ABD41 /* jungle.jpg */; };
		610188561E27DF2F001ABD41 /* mp3.mp3 in Resources */ = {isa = PBXBuildFile; fileRef = 6101884E1E27DF2F001ABD41 /* mp3.mp3 */; };
/* End PBXBuildFile section */

/* Begin PBXFileReference section */
		610188311E27DEF6001ABD41 /* BirdFlyInJung.app */ = {isa = PBXFileReference; explicitFileType = wrapper.application; includeInIndex = 0; path = BirdFlyInJung.app; sourceTree = BUILT_PRODUCTS_DIR; };
		610188341E27DEF6001ABD41 /* AppDelegate.swift */ = {isa = PBXFileReference; lastKnownFileType = sourcecode.swift; path = AppDelegate.swift; sourceTree = "<group>"; };
		610188361E27DEF6001ABD41 /* ViewController.swift */ = {isa = PBXFileReference; lastKnownFileType = sourcecode.swift; path = ViewController.swift; sourceTree = "<group>"; };
		610188391E27DEF6001ABD41 /* Base */ = {isa = PBXFileReference; lastKnownFileType = file.storyboard; name = Base; path = Base.lproj/Main.storyboard; sourceTree = "<group>"; };
		6101883B1E27DEF6001ABD41 /* Assets.xcassets */ = {isa = PBXFileReference; lastKnownFileType = folder.assetcatalog; path = Assets.xcassets; sourceTree = "<group>"; };
		6101883E1E27DEF6001ABD41 /* Base */ = {isa = PBXFileReference; lastKnownFileType = file.storyboard; name = Base; path = Base.lproj/LaunchScreen.storyboard; sourceTree = "<group>"; };
		610188401E27DEF6001ABD41 /* Info.plist */ = {isa = PBXFileReference; lastKnownFileType = text.plist.xml; path = Info.plist; sourceTree = "<group>"; };
		610188471E27DF2F001ABD41 /* bird0.png */ = {isa = PBXFileReference; lastKnownFileType = image.png; path = bird0.png; sourceTree = "<group>"; };
		610188481E27DF2F001ABD41 /* bird1.png */ = {isa = PBXFileReference; lastKnownFileType = image.png; path = bird1.png; sourceTree = "<group>"; };
		610188491E27DF2F001ABD41 /* bird2.png */ = {isa = PBXFileReference; lastKnownFileType = image.png; path = bird2.png; sourceTree = "<group>"; };
		6101884A1E27DF2F001ABD41 /* bird3.png */ = {isa = PBXFileReference; lastKnownFileType = image.png; path = bird3.png; sourceTree = "<group>"; };
		6101884B1E27DF2F001ABD41 /* bird4.png */ = {isa = PBXFileReference; lastKnownFileType = image.png; path = bird4.png; sourceTree = "<group>"; };
		6101884C1E27DF2F001ABD41 /* bird5.png */ = {isa = PBXFileReference; lastKnownFileType = image.png; path = bird5.png; sourceTree = "<group>"; };
		6101884D1E27DF2F001ABD41 /* jungle.jpg */ = {isa = PBXFileReference; lastKnownFileType = image.jpeg; path = jungle.jpg; sourceTree = "<group>"; };
		6101884E1E27DF2F001ABD41 /* mp3.mp3 */ = {isa = PBXFileReference; lastKnownFileType = audio.mp3; path = mp3.mp3; sourceTree = "<group>"; };
/* End PBXFileReference section */

/* Begin PBXFrameworksBuildPhase section */
		6101882E1E27DEF6001ABD41 /* Frameworks */ = {
			isa = PBXFrameworksBuildPhase;
			buildActionMask = 2147483647;
			files = (
			);
			runOnlyForDeploymentPostprocessing = 0;
		};
/* End PBXFrameworksBuildPhase section */

/* Begin PBXGroup section */
		610188281E27DEF6001ABD41 = {
			isa = PBXGroup;
			children = (
				610188331E27DEF6001ABD41 /* BirdFlyInJung */,
				610188321E27DEF6001ABD41 /* Products */,
			);
			sourceTree = "<group>";
		};
		610188321E27DEF6001ABD41 /* Products */ = {
			isa = PBXGroup;
			children = (
				610188311E27DEF6001ABD41 /* BirdFlyInJung.app */,
			);
			name = Products;
			sourceTree = "<group>";
		};
		610188331E27DEF6001ABD41 /* BirdFlyInJung */ = {
			isa = PBXGroup;
			children = (
				610188461E27DF09001ABD41 /* Resources */,
				610188341E27DEF6001ABD41 /* AppDelegate.swift */,
				610188361E27DEF6001ABD41 /* ViewController.swift */,
				610188381E27DEF6001ABD41 /* Main.storyboard */,
				6101883B1E27DEF6001ABD41 /* Assets.xcassets */,
				6101883D1E27DEF6001ABD41 /* LaunchScreen.storyboard */,
				610188401E27DEF6001ABD41 /* Info.plist */,
			);
			path = BirdFlyInJung;
			sourceTree = "<group>";
		};
		610188461E27DF09001ABD41 /* Resources */ = {
			isa = PBXGroup;
			children = (
				610188471E27DF2F001ABD41 /* bird0.png */,
				610188481E27DF2F001ABD41 /* bird1.png */,
				610188491E27DF2F001ABD41 /* bird2.png */,
				6101884A1E27DF2F001ABD41 /* bird3.png */,
				6101884B1E27DF2F001ABD41 /* bird4.png */,
				6101884C1E27DF2F001ABD41 /* bird5.png */,
				6101884D1E27DF2F001ABD41 /* jungle.jpg */,
				6101884E1E27DF2F001ABD41 /* mp3.mp3 */,
			);
			name = Resources;
			sourceTree = "<group>";
		};
/* End PBXGroup section */

/* Begin PBXNativeTarget section */
		610188301E27DEF6001ABD41 /* BirdFlyInJung */ = {
			isa = PBXNativeTarget;
			buildConfigurationList = 610188431E27DEF6001ABD41 /* Build configuration list for PBXNativeTarget "BirdFlyInJung" */;
			buildPhases = (
				6101882D1E27DEF6001ABD41 /* Sources */,
				6101882E1E27DEF6001ABD41 /* Frameworks */,
				6101882F1E27DEF6001ABD41 /* Resources */,
			);
			buildRules = (
			);
			dependencies = (
			);
			name = BirdFlyInJung;
			productName = BirdFlyInJung;
			productReference = 610188311E27DEF6001ABD41 /* BirdFlyInJung.app */;
			productType = "com.apple.product-type.application";
		};
/* End PBXNativeTarget section */

/* Begin PBXProject section */
		610188291E27DEF6001ABD41 /* Project object */ = {
			isa = PBXProject;
			attributes = {
				LastSwiftUpdateCheck = 0720;
				LastUpgradeCheck = 0720;
				ORGANIZATIONNAME = MyProjects;
				TargetAttributes = {
					610188301E27DEF6001ABD41 = {
						CreatedOnToolsVersion = 7.2.1;
					};
				};
			};
			buildConfigurationList = 6101882C1E27DEF6001ABD41 /* Build configuration list for PBXProject "BirdFlyInJung" */;
			compatibilityVersion = "Xcode 3.2";
			developmentRegion = English;
			hasScannedForEncodings = 0;
			knownRegions = (
				en,
				Base,
			);
			mainGroup = 610188281E27DEF6001ABD41;
			productRefGroup = 610188321E27DEF6001ABD41 /* Products */;
			projectDirPath = "";
			projectRoot = "";
			targets = (
				610188301E27DEF6001ABD41 /* BirdFlyInJung */,
			);
		};
/* End PBXProject section */

/* Begin PBXResourcesBuildPhase section */
		6101882F1E27DEF6001ABD41 /* Resources */ = {
			isa = PBXResourcesBuildPhase;
			buildActionMask = 2147483647;
			files = (
				610188501E27DF2F001ABD41 /* bird1.png in Resources */,
				610188531E27DF2F001ABD41 /* bird4.png in Resources */,
				610188541E27DF2F001ABD41 /* bird5.png in Resources */,
				6101883F1E27DEF6001ABD41 /* LaunchScreen.storyboard in Resources */,
				610188561E27DF2F001ABD41 /* mp3.mp3 in Resources */,
				610188551E27DF2F001ABD41 /* jungle.jpg in Resources */,
				6101884F1E27DF2F001ABD41 /* bird0.png in Resources */,
				6101883C1E27DEF6001ABD41 /* Assets.xcassets in Resources */,
				6101883A1E27DEF6001ABD41 /* Main.storyboard in Resources */,
				610188521E27DF2F001ABD41 /* bird3.png in Resources */,
				610188511E27DF2F001ABD41 /* bird2.png in Resources */,
			);
			runOnlyForDeploymentPostprocessing = 0;
		};
/* End PBXResourcesBuildPhase section */

/* Begin PBXSourcesBuildPhase section */
		6101882D1E27DEF6001ABD41 /* Sources */ = {
			isa = PBXSourcesBuildPhase;
			buildActionMask = 2147483647;
			files = (
				610188371E27DEF6001ABD41 /* ViewController.swift in Sources */,
				610188351E27DEF6001ABD41 /* AppDelegate.swift in Sources */,
			);
			runOnlyForDeploymentPostprocessing = 0;
		};
/* End PBXSourcesBuildPhase section */

/* Begin PBXVariantGroup section */
		610188381E27DEF6001ABD41 /* Main.storyboard */ = {
			isa = PBXVariantGroup;
			children = (
				610188391E27DEF6001ABD41 /* Base */,
			);
			name = Main.storyboard;
			sourceTree = "<group>";
		};
		6101883D1E27DEF6001ABD41 /* LaunchScreen.storyboard */ = {
			isa = PBXVariantGroup;
			children = (
				6101883E1E27DEF6001ABD41 /* Base */,
			);
			name = LaunchScreen.storyboard;
			sourceTree = "<group>";
		};
/* End PBXVariantGroup section */

/* Begin XCBuildConfiguration section */
		610188411E27DEF6001ABD41 /* Debug */ = {
			isa = XCBuildConfiguration;
			buildSettings = {
				ALWAYS_SEARCH_USER_PATHS = NO;
				CLANG_CXX_LANGUAGE_STANDARD = "gnu++0x";
				CLANG_CXX_LIBRARY = "libc++";
				CLANG_ENABLE_MODULES = YES;
				CLANG_ENABLE_OBJC_ARC = YES;
				CLANG_WARN_BOOL_CONVERSION = YES;
				CLANG_WARN_CONSTANT_CONVERSION = YES;
				CLANG_WARN_DIRECT_OBJC_ISA_USAGE = YES_ERROR;
				CLANG_WARN_EMPTY_BODY = YES;
				CLANG_WARN_ENUM_CONVERSION = YES;
				CLANG_WARN_INT_CONVERSION = YES;
				CLANG_WARN_OBJC_ROOT_CLASS = YES_ERROR;
				CLANG_WARN_UNREACHABLE_CODE = YES;
				CLANG_WARN__DUPLICATE_METHOD_MATCH = YES;
				"CODE_SIGN_IDENTITY[sdk=iphoneos*]" = "iPhone Developer";
				COPY_PHASE_STRIP = NO;
				DEBUG_INFORMATION_FORMAT = dwarf;
				ENABLE_STRICT_OBJC_MSGSEND = YES;
				ENABLE_TESTABILITY = YES;
				GCC_C_LANGUAGE_STANDARD = gnu99;
				GCC_DYNAMIC_NO_PIC = NO;
				GCC_NO_COMMON_BLOCKS = YES;
				GCC_OPTIMIZATION_LEVEL = 0;
				GCC_PREPROCESSOR_DEFINITIONS = (
					"DEBUG=1",
					"$(inherited)",
				);
				GCC_WARN_64_TO_32_BIT_CONVERSION = YES;
				GCC_WARN_ABOUT_RETURN_TYPE = YES_ERROR;
				GCC_WARN_UNDECLARED_SELECTOR = YES;
				GCC_WARN_UNINITIALIZED_AUTOS = YES_AGGRESSIVE;
				GCC_WARN_UNUSED_FUNCTION = YES;
				GCC_WARN_UNUSED_VARIABLE = YES;
				IPHONEOS_DEPLOYMENT_TARGET = 9.2;
				MTL_ENABLE_DEBUG_INFO = YES;
				ONLY_ACTIVE_ARCH = YES;
				SDKROOT = iphoneos;
				SWIFT_OPTIMIZATION_LEVEL = "-Onone";
			};
			name = Debug;
		};
		610188421E27DEF6001ABD41 /* Release */ = {
			isa = XCBuildConfiguration;
			buildSettings = {
				ALWAYS_SEARCH_USER_PATHS = NO;
				CLANG_CXX_LANGUAGE_STANDARD = "gnu++0x";
				CLANG_CXX_LIBRARY = "libc++";
				CLANG_ENABLE_MODULES = YES;
				CLANG_ENABLE_OBJC_ARC = YES;
				CLANG_WARN_BOOL_CONVERSION = YES;
				CLANG_WARN_CONSTANT_CONVERSION = YES;
				CLANG_WARN_DIRECT_OBJC_ISA_USAGE = YES_ERROR;
				CLANG_WARN_EMPTY_BODY = YES;
				CLANG_WARN_ENUM_CONVERSION = YES;
				CLANG_WARN_INT_CONVERSION = YES;
				CLANG_WARN_OBJC_ROOT_CLASS = YES_ERROR;
				CLANG_WARN_UNREACHABLE_CODE = YES;
				CLANG_WARN__DUPLICATE_METHOD_MATCH = YES;
				"CODE_SIGN_IDENTITY[sdk=iphoneos*]" = "iPhone Developer";
				COPY_PHASE_STRIP = NO;
				DEBUG_INFORMATION_FORMAT = "dwarf-with-dsym";
				ENABLE_NS_ASSERTIONS = NO;
				ENABLE_STRICT_OBJC_MSGSEND = YES;
				GCC_C_LANGUAGE_STANDARD = gnu99;
				GCC_NO_COMMON_BLOCKS = YES;
				GCC_WARN_64_TO_32_BIT_CONVERSION = YES;
				GCC_WARN_ABOUT_RETURN_TYPE = YES_ERROR;
				GCC_WARN_UNDECLARED_SELECTOR = YES;
				GCC_WARN_UNINITIALIZED_AUTOS = YES_AGGRESSIVE;
				GCC_WARN_UNUSED_FUNCTION = YES;
				GCC_WARN_UNUSED_VARIABLE = YES;
				IPHONEOS_DEPLOYMENT_TARGET = 9.2;
				MTL_ENABLE_DEBUG_INFO = NO;
				SDKROOT = iphoneos;
				VALIDATE_PRODUCT = YES;
			};
			name = Release;
		};
		610188441E27DEF6001ABD41 /* Debug */ = {
			isa = XCBuildConfiguration;
			buildSettings = {
				ASSETCATALOG_COMPILER_APPICON_NAME = AppIcon;
				INFOPLIST_FILE = BirdFlyInJung/Info.plist;
				LD_RUNPATH_SEARCH_PATHS = "$(inherited) @executable_path/Frameworks";
				PRODUCT_BUNDLE_IDENTIFIER = VanTuan.vn.BirdFlyInJung;
				PRODUCT_NAME = "$(TARGET_NAME)";
			};
			name = Debug;
		};
		610188451E27DEF6001ABD41 /* Release */ = {
			isa = XCBuildConfiguration;
			buildSettings = {
				ASSETCATALOG_COMPILER_APPICON_NAME = AppIcon;
				INFOPLIST_FILE = BirdFlyInJung/Info.plist;
				LD_RUNPATH_SEARCH_PATHS = "$(inherited) @executable_path/Frameworks";
				PRODUCT_BUNDLE_IDENTIFIER = VanTuan.vn.BirdFlyInJung;
				PRODUCT_NAME = "$(TARGET_NAME)";
			};
			name = Release;
		};
/* End XCBuildConfiguration section */

/* Begin XCConfigurationList section */
		6101882C1E27DEF6001ABD41 /* Build configuration list for PBXProject "BirdFlyInJung" */ = {
			isa = XCConfigurationList;
			buildConfigurations = (
				610188411E27DEF6001ABD41 /* Debug */,
				610188421E27DEF6001ABD41 /* Release */,
			);
			defaultConfigurationIsVisible = 0;
			defaultConfigurationName = Release;
		};
		610188431E27DEF6001ABD41 /* Build configuration list for PBXNativeTarget "BirdFlyInJung" */ = {
			isa = XCConfigurationList;
			buildConfigurations = (
				610188441E27DEF6001ABD41 /* Debug */,
				610188451E27DEF6001ABD41 /* Release */,
			);
			defaultConfigurationIsVisible = 0;
		};
/* End XCConfigurationList section */
	};
	rootObject = 610188291E27DEF6001ABD41 /* Project object */;
}
